
Microsoft Visual Studio Solution File, Format Version 12.00
# Visual Studio Version 16
VisualStudioVersion = 16.0.29920.165
MinimumVisualStudioVersion = 10.0.40219.1
Project("{FAE04EC0-301F-11D3-BF4B-00C04F79EFBC}") = "FruityManager", "csharp_project\FruityManager.csproj", "{275D686C-1675-4E31-8332-6585553B24FA}"
EndProject
Project("{9A19103F-16F7-4668-BE54-9A1E7A4F7556}") = "MyLog", "MyLog\MyLog.csproj", "{2F9867F3-2011-4D5A-AFC4-29131457D159}"
EndProject
Project("{54435603-DBB4-11D2-8724-00A0C9A8B90C}") = "FruityManagerSetup", "FruityManagerSetup\FruityManagerSetup.vdproj", "{47650C66-2546-4D5E-83B8-9B8FFC164EE7}"
EndProject
Global
	GlobalSection(SolutionConfigurationPlatforms) = preSolution
		Debug|Any CPU = Debug|Any CPU
		Release|Any CPU = Release|Any CPU
	EndGlobalSection
	GlobalSection(ProjectConfigurationPlatforms) = postSolution
		{275D686C-1675-4E31-8332-6585553B24FA}.Debug|Any CPU.ActiveCfg = Release|Any CPU
		{275D686C-1675-4E31-8332-6585553B24FA}.Debug|Any CPU.Build.0 = Release|Any CPU
		{275D686C-1675-4E31-8332-6585553B24FA}.Release|Any CPU.ActiveCfg = Release|Any CPU
		{275D686C-1675-4E31-8332-6585553B24FA}.Release|Any CPU.Build.0 = Release|Any CPU
		{2F9867F3-2011-4D5A-AFC4-29131457D159}.Debug|Any CPU.ActiveCfg = Release|Any CPU
		{2F9867F3-2011-4D5A-AFC4-29131457D159}.Debug|Any CPU.Build.0 = Release|Any CPU
		{2F9867F3-2011-4D5A-AFC4-29131457D159}.Release|Any CPU.ActiveCfg = Release|Any CPU
		{2F9867F3-2011-4D5A-AFC4-29131457D159}.Release|Any CPU.Build.0 = Release|Any CPU
		{47650C66-2546-4D5E-83B8-9B8FFC164EE7}.Debug|Any CPU.ActiveCfg = Debug
		{47650C66-2546-4D5E-83B8-9B8FFC164EE7}.Release|Any CPU.ActiveCfg = Release
	EndGlobalSection
	GlobalSection(SolutionProperties) = preSolution
		HideSolutionNode = FALSE
	EndGlobalSection
	GlobalSection(ExtensibilityGlobals) = postSolution
		SolutionGuid = {609232CD-359E-466D-8DAE-56CA6B6D2062}
	EndGlobalSection
EndGlobal
