
Microsoft Visual Studio Solution File, Format Version 12.00
# Visual Studio Version 16
VisualStudioVersion = 16.0.29920.165
MinimumVisualStudioVersion = 10.0.40219.1
Project("{FAE04EC0-301F-11D3-BF4B-00C04F79EFBC}") = "ExpireManager", "csharp_project\ExpireManager.csproj", "{275D686C-1675-4E31-8332-6585553B24FA}"
EndProject
Project("{54435603-DBB4-11D2-8724-00A0C9A8B90C}") = "ExpireManagerSetup", "FruityManagerSetup\FruityManagerSetup.vdproj", "{47650C66-2546-4D5E-83B8-9B8FFC164EE7}"
EndProject
Project("{FAE04EC0-301F-11D3-BF4B-00C04F79EFBC}") = "MyLog", "Log\MyLog.csproj", "{86E9DEEC-C7A0-4D55-A7F2-7E9D13F6E2AD}"
EndProject
Global
	GlobalSection(SolutionConfigurationPlatforms) = preSolution
		Debug|Any CPU = Debug|Any CPU
		Release|Any CPU = Release|Any CPU
	EndGlobalSection
	GlobalSection(ProjectConfigurationPlatforms) = postSolution
		{275D686C-1675-4E31-8332-6585553B24FA}.Debug|Any CPU.ActiveCfg = Debug|Any CPU
		{275D686C-1675-4E31-8332-6585553B24FA}.Debug|Any CPU.Build.0 = Debug|Any CPU
		{275D686C-1675-4E31-8332-6585553B24FA}.Release|Any CPU.ActiveCfg = Release|Any CPU
		{275D686C-1675-4E31-8332-6585553B24FA}.Release|Any CPU.Build.0 = Release|Any CPU
		{47650C66-2546-4D5E-83B8-9B8FFC164EE7}.Debug|Any CPU.ActiveCfg = Debug
		{47650C66-2546-4D5E-83B8-9B8FFC164EE7}.Release|Any CPU.ActiveCfg = Release
		{86E9DEEC-C7A0-4D55-A7F2-7E9D13F6E2AD}.Debug|Any CPU.ActiveCfg = Debug|Any CPU
		{86E9DEEC-C7A0-4D55-A7F2-7E9D13F6E2AD}.Debug|Any CPU.Build.0 = Debug|Any CPU
		{86E9DEEC-C7A0-4D55-A7F2-7E9D13F6E2AD}.Release|Any CPU.ActiveCfg = Release|Any CPU
		{86E9DEEC-C7A0-4D55-A7F2-7E9D13F6E2AD}.Release|Any CPU.Build.0 = Release|Any CPU
	EndGlobalSection
	GlobalSection(SolutionProperties) = preSolution
		HideSolutionNode = FALSE
	EndGlobalSection
	GlobalSection(ExtensibilityGlobals) = postSolution
		SolutionGuid = {609232CD-359E-466D-8DAE-56CA6B6D2062}
	EndGlobalSection
EndGlobal
